{
    "_meta": {
        "hash": {
            "sha256": "7c0826b5b35c0cb1716a002dc03a0c9cbf1f08be3cddae1b2083373c4b70470b"
        },
        "host-environment-markers": {
            "implementation_name": "cpython",
            "implementation_version": "3.6.4",
            "os_name": "posix",
            "platform_machine": "x86_64",
            "platform_python_implementation": "CPython",
            "platform_release": "17.4.0",
            "platform_system": "Darwin",
            "platform_version": "Darwin Kernel Version 17.4.0: Sun Dec 17 09:19:54 PST 2017; root:xnu-4570.41.2~1/RELEASE_X86_64",
            "python_full_version": "3.6.4",
            "python_version": "3.6",
            "sys_platform": "darwin"
        },
        "pipfile-spec": 6,
        "requires": {},
        "sources": [
            {
                "name": "pypi",
                "url": "https://pypi.doubanio.com/simple",
                "verify_ssl": true
            }
        ]
    },
    "default": {
        "arrow": {
            "hashes": [],
            "version": "==0.12.1"
        },
        "beautifulsoup4": {
            "hashes": [],
            "version": "==4.6.0"
        },
        "certifi": {
            "hashes": [],
            "version": "==2018.1.18"
        },
        "chardet": {
            "hashes": [],
            "version": "==3.0.4"
        },
        "cssselect": {
            "hashes": [],
            "version": "==1.0.3"
        },
        "cycler": {
            "hashes": [],
            "version": "==0.10.0"
        },
        "fire": {
            "hashes": [],
            "version": "==0.1.2"
        },
        "idna": {
            "hashes": [],
            "version": "==2.6"
        },
        "jieba": {
            "hashes": [],
            "version": "==0.39"
        },
        "logbook": {
            "hashes": [],
            "version": "==1.1.0"
        },
        "lxml": {
            "hashes": [],
            "version": "==4.1.1"
        },
        "matplotlib": {
            "hashes": [],
            "version": "==2.1.2"
        },
        "numpy": {
            "hashes": [],
            "version": "==1.14.0"
        },
        "pandas": {
            "hashes": [],
            "version": "==0.22.0"
        },
        "peewee": {
            "hashes": [],
            "version": "==3.0.13"
        },
        "pillow": {
            "hashes": [],
            "version": "==5.0.0"
        },
        "psycopg2": {
            "hashes": [],
            "version": "==2.7.3.2"
        },
        "pyparsing": {
            "hashes": [],
            "version": "==2.2.0"
        },
        "pyquery": {
            "hashes": [],
            "version": "==1.4.0"
        },
        "python-dateutil": {
            "hashes": [],
            "version": "==2.6.1"
        },
        "pytz": {
            "hashes": [],
            "version": "==2017.3"
        },
        "requests": {
            "hashes": [],
            "version": "==2.18.4"
        },
        "scikit-learn": {
            "hashes": [],
            "version": "==0.19.1"
        },
        "scipy": {
            "hashes": [],
            "version": "==1.0.0"
        },
        "seaborn": {
            "hashes": [],
            "version": "==0.8.1"
        },
        "six": {
            "hashes": [],
            "version": "==1.11.0"
        },
        "tushare": {
            "hashes": [],
            "version": "==1.1.5"
        },
        "urllib3": {
            "hashes": [],
            "version": "==1.22"
        },
        "wordcloud": {
            "hashes": [],
            "version": "==1.3.1"
        }
    },
    "develop": {}
}
